
Microsoft Visual Studio Solution File, Format Version 12.00
# Visual Studio Version 16
VisualStudioVersion = 16.0.31911.196
MinimumVisualStudioVersion = 10.0.40219.1
Project("{FAE04EC0-301F-11D3-BF4B-00C04F79EFBC}") = "Api.GimmeTriangles", "Api.GimmeTriangles\Api.GimmeTriangles.csproj", "{DD9AAB5B-6926-4D90-A325-D67C136370AA}"
EndProject
Project("{FAE04EC0-301F-11D3-BF4B-00C04F79EFBC}") = "Api.GimmeTriangles.Models", "Api.GimmeTriangles.Models\Api.GimmeTriangles.Models.csproj", "{B1A23669-C901-493C-8EAB-DDD786175617}"
EndProject
Project("{FAE04EC0-301F-11D3-BF4B-00C04F79EFBC}") = "Api.GimmeTriangles.Services", "Api.GimmeTriangles.Services\Api.GimmeTriangles.Services.csproj", "{29032563-6CBA-4534-8782-EA0512CBE97A}"
EndProject
Project("{2150E333-8FDC-42A3-9474-1A3956D46DE8}") = "Tests", "Tests", "{75CCEB09-0A1C-4EC9-A34D-8511773A9E7A}"
EndProject
Project("{FAE04EC0-301F-11D3-BF4B-00C04F79EFBC}") = "Api.GimmeTriangles.Services.Test", "Api.GimmeTriangles.Services.Test\Api.GimmeTriangles.Services.Test.csproj", "{A8FB9CD6-BF95-4BB3-95CD-9864109435D4}"
EndProject
Global
	GlobalSection(SolutionConfigurationPlatforms) = preSolution
		Debug|Any CPU = Debug|Any CPU
		Release|Any CPU = Release|Any CPU
	EndGlobalSection
	GlobalSection(ProjectConfigurationPlatforms) = postSolution
		{DD9AAB5B-6926-4D90-A325-D67C136370AA}.Debug|Any CPU.ActiveCfg = Debug|Any CPU
		{DD9AAB5B-6926-4D90-A325-D67C136370AA}.Debug|Any CPU.Build.0 = Debug|Any CPU
		{DD9AAB5B-6926-4D90-A325-D67C136370AA}.Release|Any CPU.ActiveCfg = Release|Any CPU
		{DD9AAB5B-6926-4D90-A325-D67C136370AA}.Release|Any CPU.Build.0 = Release|Any CPU
		{B1A23669-C901-493C-8EAB-DDD786175617}.Debug|Any CPU.ActiveCfg = Debug|Any CPU
		{B1A23669-C901-493C-8EAB-DDD786175617}.Debug|Any CPU.Build.0 = Debug|Any CPU
		{B1A23669-C901-493C-8EAB-DDD786175617}.Release|Any CPU.ActiveCfg = Release|Any CPU
		{B1A23669-C901-493C-8EAB-DDD786175617}.Release|Any CPU.Build.0 = Release|Any CPU
		{29032563-6CBA-4534-8782-EA0512CBE97A}.Debug|Any CPU.ActiveCfg = Debug|Any CPU
		{29032563-6CBA-4534-8782-EA0512CBE97A}.Debug|Any CPU.Build.0 = Debug|Any CPU
		{29032563-6CBA-4534-8782-EA0512CBE97A}.Release|Any CPU.ActiveCfg = Release|Any CPU
		{29032563-6CBA-4534-8782-EA0512CBE97A}.Release|Any CPU.Build.0 = Release|Any CPU
		{A8FB9CD6-BF95-4BB3-95CD-9864109435D4}.Debug|Any CPU.ActiveCfg = Debug|Any CPU
		{A8FB9CD6-BF95-4BB3-95CD-9864109435D4}.Debug|Any CPU.Build.0 = Debug|Any CPU
		{A8FB9CD6-BF95-4BB3-95CD-9864109435D4}.Release|Any CPU.ActiveCfg = Release|Any CPU
		{A8FB9CD6-BF95-4BB3-95CD-9864109435D4}.Release|Any CPU.Build.0 = Release|Any CPU
	EndGlobalSection
	GlobalSection(SolutionProperties) = preSolution
		HideSolutionNode = FALSE
	EndGlobalSection
	GlobalSection(NestedProjects) = preSolution
		{A8FB9CD6-BF95-4BB3-95CD-9864109435D4} = {75CCEB09-0A1C-4EC9-A34D-8511773A9E7A}
	EndGlobalSection
	GlobalSection(ExtensibilityGlobals) = postSolution
		SolutionGuid = {B8EAE915-DE47-41BB-B257-E02F78E8D382}
	EndGlobalSection
EndGlobal
